
Microsoft Visual Studio Solution File, Format Version 12.00
# Visual Studio 15
VisualStudioVersion = 15.0.26430.15
MinimumVisualStudioVersion = 10.0.40219.1
Project("{FAE04EC0-301F-11D3-BF4B-00C04F79EFBC}") = "Weekly1", "WeeklyWork\Weekly1.csproj", "{2F48B7A2-BDF9-47E9-B45E-53093BB8C417}"
EndProject
Project("{FAE04EC0-301F-11D3-BF4B-00C04F79EFBC}") = "Week2", "Week2\Week2.csproj", "{DBB91E46-0A21-435C-BF63-2CDAA1D0FF78}"
EndProject
Project("{FAE04EC0-301F-11D3-BF4B-00C04F79EFBC}") = "Week3-03", "Week3\Week3-03.csproj", "{9F7F6628-F700-4FA9-99E6-936DDB470490}"
EndProject
Project("{FAE04EC0-301F-11D3-BF4B-00C04F79EFBC}") = "Week3-04", "Week3-4\Week3-04.csproj", "{0FB25CAC-78D1-47A5-BF4B-99C13FE5B19B}"
EndProject
Project("{FAE04EC0-301F-11D3-BF4B-00C04F79EFBC}") = "Week3-06", "Week3-6\Week3-06.csproj", "{9E1B18EA-5D70-4BE6-9BF9-1611A884E459}"
EndProject
Project("{FAE04EC0-301F-11D3-BF4B-00C04F79EFBC}") = "Week3-07", "Week3-7\Week3-07.csproj", "{29015CD2-1C27-4DC2-AD3E-99D13BA7233D}"
EndProject
Project("{2150E333-8FDC-42A3-9474-1A3956D46DE8}") = "Week 2", "Week 2", "{D0A89461-265F-4DF7-A843-18CDC7C85FF0}"
EndProject
Project("{2150E333-8FDC-42A3-9474-1A3956D46DE8}") = "Week 3", "Week 3", "{EB99780E-0FA4-46B2-8DC8-F41EA5E5BAD8}"
EndProject
Project("{2150E333-8FDC-42A3-9474-1A3956D46DE8}") = "Week 1", "Week 1", "{943567A8-D97E-4C4D-9BA5-DD4A3A73C792}"
EndProject
Project("{2150E333-8FDC-42A3-9474-1A3956D46DE8}") = "Week 4", "Week 4", "{C2C0A68E-3940-477C-8322-EA2B75995A9C}"
EndProject
Project("{FAE04EC0-301F-11D3-BF4B-00C04F79EFBC}") = "Week3-10", "Week3-10\Week3-10.csproj", "{39D8353B-0B55-41B3-9989-A3CBD57890BF}"
EndProject
Project("{FAE04EC0-301F-11D3-BF4B-00C04F79EFBC}") = "Week4-1", "Week4-1\Week4-1.csproj", "{A9BFD1ED-44D1-449B-BE2A-114B44C21992}"
EndProject
Project("{FAE04EC0-301F-11D3-BF4B-00C04F79EFBC}") = "Week4-3", "Week4-3\Week4-3.csproj", "{F2BCC3DD-7C15-42AD-995D-E76C12738279}"
EndProject
Project("{FAE04EC0-301F-11D3-BF4B-00C04F79EFBC}") = "Week4-4", "Week4-4\Week4-4.csproj", "{1CC7DEDA-3406-418D-B313-AD3C57F60538}"
EndProject
Project("{FAE04EC0-301F-11D3-BF4B-00C04F79EFBC}") = "Week4-9", "Week4-9\Week4-9.csproj", "{044D4F0C-6E78-4A11-9862-E312C8DEEB9A}"
EndProject
Project("{2150E333-8FDC-42A3-9474-1A3956D46DE8}") = "Week 5", "Week 5", "{37F1DFE7-6DFA-4D41-8F40-84F0A66FC138}"
EndProject
Project("{FAE04EC0-301F-11D3-BF4B-00C04F79EFBC}") = "Week5-1", "Week5-1\Week5-1.csproj", "{938D0200-A93A-4EFE-B89F-557A80018650}"
EndProject
Project("{FAE04EC0-301F-11D3-BF4B-00C04F79EFBC}") = "Week5-6", "Week5-6\Week5-6.csproj", "{13A8B9F0-438B-49C6-A0B8-B741094F0426}"
EndProject
Project("{FAE04EC0-301F-11D3-BF4B-00C04F79EFBC}") = "Week5-8", "Week5-8\Week5-8.csproj", "{C7B3B7D0-9200-4F81-9201-47CAED1B5E34}"
EndProject
Project("{FAE04EC0-301F-11D3-BF4B-00C04F79EFBC}") = "Week5-9", "Week5-9\Week5-9.csproj", "{2A5FE0C8-EB47-428C-9740-C7D4A8BF2EF3}"
EndProject
Project("{FAE04EC0-301F-11D3-BF4B-00C04F79EFBC}") = "Week5-10", "Week5-10\Week5-10.csproj", "{9C07DE38-6EA3-4B4E-A2F7-BBA6D44E4D8B}"
EndProject
Project("{2150E333-8FDC-42A3-9474-1A3956D46DE8}") = "Week 6", "Week 6", "{2D491B86-59E5-4C13-93E5-0E2FD64BB7F1}"
EndProject
Project("{2150E333-8FDC-42A3-9474-1A3956D46DE8}") = "Sandbox", "Sandbox", "{7BA96516-7C16-4207-8CE1-DDD0DA6BEA27}"
EndProject
Project("{FAE04EC0-301F-11D3-BF4B-00C04F79EFBC}") = "PlayerApp", "Player\PlayerApp.csproj", "{10E82E06-7C63-45FD-A768-FE22DB518458}"
EndProject
Project("{FAE04EC0-301F-11D3-BF4B-00C04F79EFBC}") = "Week6-4", "Week6-4\Week6-4.csproj", "{B6729988-8196-4BC8-914B-B838D6027E26}"
EndProject
Project("{FAE04EC0-301F-11D3-BF4B-00C04F79EFBC}") = "Week6-5", "Week6-5\Week6-5.csproj", "{3FDBA131-4EA4-4561-AF73-F1A2F5EFDD93}"
EndProject
Project("{FAE04EC0-301F-11D3-BF4B-00C04F79EFBC}") = "Week6-7", "Week6-7\Week6-7.csproj", "{8409C781-73B6-4AFE-A4F5-AC9F9BC975FE}"
EndProject
Project("{FAE04EC0-301F-11D3-BF4B-00C04F79EFBC}") = "Week6-9", "Week6-9\Week6-9.csproj", "{32A8B2A4-8FAD-4B63-96A6-C70446ADA22B}"
EndProject
Project("{2150E333-8FDC-42A3-9474-1A3956D46DE8}") = "Week 7", "Week 7", "{E631E28D-384D-4031-A4AC-DCA509A84849}"
EndProject
Project("{2150E333-8FDC-42A3-9474-1A3956D46DE8}") = "PersonExample", "PersonExample", "{8B228FA3-6569-4B41-945F-758255C59EF4}"
EndProject
Project("{FAE04EC0-301F-11D3-BF4B-00C04F79EFBC}") = "Person", "Person\Person.csproj", "{F3CE9BFD-27A0-4007-89BD-BECFC9DB358D}"
EndProject
Project("{FAE04EC0-301F-11D3-BF4B-00C04F79EFBC}") = "Student", "Student\Student.csproj", "{2FD2EB12-D0A1-4415-AC5B-7DB00DC57641}"
EndProject
Project("{FAE04EC0-301F-11D3-BF4B-00C04F79EFBC}") = "PresentationApp", "WindowsFormsApp1\PresentationApp.csproj", "{B97ACFEE-1D6E-467F-921E-BD624DDED06B}"
EndProject
Project("{2150E333-8FDC-42A3-9474-1A3956D46DE8}") = "Week 8", "Week 8", "{8A6C6060-8D5A-4CC4-8DA7-8D1B5ACA38A9}"
EndProject
Project("{FAE04EC0-301F-11D3-BF4B-00C04F79EFBC}") = "InClassFormApp", "InClassFormApp\InClassFormApp.csproj", "{47DD3A0A-4B1E-40F7-89E2-DE8E5AA3057F}"
EndProject
Project("{2150E333-8FDC-42A3-9474-1A3956D46DE8}") = "Week 9", "Week 9", "{9180D8A1-3D90-4F2E-ABE3-643E289EF611}"
EndProject
Project("{FAE04EC0-301F-11D3-BF4B-00C04F79EFBC}") = "Week7-8", "Week7-8\Week7-8.csproj", "{5DA6D9F0-02BF-4E40-B4CC-F6385807FBB1}"
EndProject
Project("{FAE04EC0-301F-11D3-BF4B-00C04F79EFBC}") = "Week7-9", "Week7-9\Week7-9.csproj", "{57F1CB6B-E80B-435D-B424-DA7C1D3824C7}"
EndProject
Project("{FAE04EC0-301F-11D3-BF4B-00C04F79EFBC}") = "Week7-10", "Week7-10\Week7-10.csproj", "{B2A7F449-CC0C-4A2D-BC90-0881D44CB09D}"
EndProject
Project("{FAE04EC0-301F-11D3-BF4B-00C04F79EFBC}") = "Week8-2", "Week8-2\Week8-2.csproj", "{C9B976EA-A5D5-4B3F-B1A5-D548ECB13920}"
EndProject
Project("{FAE04EC0-301F-11D3-BF4B-00C04F79EFBC}") = "Week8-4", "Week8-4\Week8-4.csproj", "{DA769554-0E6B-4EFB-B8ED-CECAC1D32E83}"
EndProject
Project("{FAE04EC0-301F-11D3-BF4B-00C04F79EFBC}") = "Week8-5", "Week8-5\Week8-5.csproj", "{549AFD2A-B551-4AB2-A43D-EEE1A1EFB2C3}"
EndProject
Project("{FAE04EC0-301F-11D3-BF4B-00C04F79EFBC}") = "Week8-8", "Week8-8\Week8-8.csproj", "{C8F99096-4EF0-4C82-9978-F063ECFAB2D9}"
EndProject
Project("{FAE04EC0-301F-11D3-BF4B-00C04F79EFBC}") = "Week8-10", "Week8-10\Week8-10.csproj", "{59CC3575-6877-45BA-984B-A85A74A45465}"
EndProject
Project("{FAE04EC0-301F-11D3-BF4B-00C04F79EFBC}") = "Week7-9_Student", "Week7-8_Student\Week7-9_Student.csproj", "{2A538CF0-574A-43ED-81FC-0B829E523CEA}"
EndProject
Project("{FAE04EC0-301F-11D3-BF4B-00C04F79EFBC}") = "Week7-9_GraduateStudent", "Week7-8_GraduateStudent\Week7-9_GraduateStudent.csproj", "{6E2F40D7-D42C-4390-AB8C-0B75FA05149B}"
EndProject
Project("{FAE04EC0-301F-11D3-BF4B-00C04F79EFBC}") = "Week7-9_UndergraduateStudent", "Week7-8_UndergraduateStudent\Week7-9_UndergraduateStudent.csproj", "{304B1600-1E64-4883-B655-8CA172989DDE}"
EndProject
Global
	GlobalSection(SolutionConfigurationPlatforms) = preSolution
		Debug|Any CPU = Debug|Any CPU
		Release|Any CPU = Release|Any CPU
	EndGlobalSection
	GlobalSection(ProjectConfigurationPlatforms) = postSolution
		{2F48B7A2-BDF9-47E9-B45E-53093BB8C417}.Debug|Any CPU.ActiveCfg = Debug|Any CPU
		{2F48B7A2-BDF9-47E9-B45E-53093BB8C417}.Debug|Any CPU.Build.0 = Debug|Any CPU
		{2F48B7A2-BDF9-47E9-B45E-53093BB8C417}.Release|Any CPU.ActiveCfg = Release|Any CPU
		{2F48B7A2-BDF9-47E9-B45E-53093BB8C417}.Release|Any CPU.Build.0 = Release|Any CPU
		{DBB91E46-0A21-435C-BF63-2CDAA1D0FF78}.Debug|Any CPU.ActiveCfg = Debug|Any CPU
		{DBB91E46-0A21-435C-BF63-2CDAA1D0FF78}.Debug|Any CPU.Build.0 = Debug|Any CPU
		{DBB91E46-0A21-435C-BF63-2CDAA1D0FF78}.Release|Any CPU.ActiveCfg = Release|Any CPU
		{DBB91E46-0A21-435C-BF63-2CDAA1D0FF78}.Release|Any CPU.Build.0 = Release|Any CPU
		{9F7F6628-F700-4FA9-99E6-936DDB470490}.Debug|Any CPU.ActiveCfg = Debug|Any CPU
		{9F7F6628-F700-4FA9-99E6-936DDB470490}.Debug|Any CPU.Build.0 = Debug|Any CPU
		{9F7F6628-F700-4FA9-99E6-936DDB470490}.Release|Any CPU.ActiveCfg = Release|Any CPU
		{9F7F6628-F700-4FA9-99E6-936DDB470490}.Release|Any CPU.Build.0 = Release|Any CPU
		{0FB25CAC-78D1-47A5-BF4B-99C13FE5B19B}.Debug|Any CPU.ActiveCfg = Debug|Any CPU
		{0FB25CAC-78D1-47A5-BF4B-99C13FE5B19B}.Debug|Any CPU.Build.0 = Debug|Any CPU
		{0FB25CAC-78D1-47A5-BF4B-99C13FE5B19B}.Release|Any CPU.ActiveCfg = Release|Any CPU
		{0FB25CAC-78D1-47A5-BF4B-99C13FE5B19B}.Release|Any CPU.Build.0 = Release|Any CPU
		{9E1B18EA-5D70-4BE6-9BF9-1611A884E459}.Debug|Any CPU.ActiveCfg = Debug|Any CPU
		{9E1B18EA-5D70-4BE6-9BF9-1611A884E459}.Debug|Any CPU.Build.0 = Debug|Any CPU
		{9E1B18EA-5D70-4BE6-9BF9-1611A884E459}.Release|Any CPU.ActiveCfg = Release|Any CPU
		{9E1B18EA-5D70-4BE6-9BF9-1611A884E459}.Release|Any CPU.Build.0 = Release|Any CPU
		{29015CD2-1C27-4DC2-AD3E-99D13BA7233D}.Debug|Any CPU.ActiveCfg = Debug|Any CPU
		{29015CD2-1C27-4DC2-AD3E-99D13BA7233D}.Debug|Any CPU.Build.0 = Debug|Any CPU
		{29015CD2-1C27-4DC2-AD3E-99D13BA7233D}.Release|Any CPU.ActiveCfg = Release|Any CPU
		{29015CD2-1C27-4DC2-AD3E-99D13BA7233D}.Release|Any CPU.Build.0 = Release|Any CPU
		{39D8353B-0B55-41B3-9989-A3CBD57890BF}.Debug|Any CPU.ActiveCfg = Debug|Any CPU
		{39D8353B-0B55-41B3-9989-A3CBD57890BF}.Debug|Any CPU.Build.0 = Debug|Any CPU
		{39D8353B-0B55-41B3-9989-A3CBD57890BF}.Release|Any CPU.ActiveCfg = Release|Any CPU
		{39D8353B-0B55-41B3-9989-A3CBD57890BF}.Release|Any CPU.Build.0 = Release|Any CPU
		{A9BFD1ED-44D1-449B-BE2A-114B44C21992}.Debug|Any CPU.ActiveCfg = Debug|Any CPU
		{A9BFD1ED-44D1-449B-BE2A-114B44C21992}.Debug|Any CPU.Build.0 = Debug|Any CPU
		{A9BFD1ED-44D1-449B-BE2A-114B44C21992}.Release|Any CPU.ActiveCfg = Release|Any CPU
		{A9BFD1ED-44D1-449B-BE2A-114B44C21992}.Release|Any CPU.Build.0 = Release|Any CPU
		{F2BCC3DD-7C15-42AD-995D-E76C12738279}.Debug|Any CPU.ActiveCfg = Debug|Any CPU
		{F2BCC3DD-7C15-42AD-995D-E76C12738279}.Debug|Any CPU.Build.0 = Debug|Any CPU
		{F2BCC3DD-7C15-42AD-995D-E76C12738279}.Release|Any CPU.ActiveCfg = Release|Any CPU
		{F2BCC3DD-7C15-42AD-995D-E76C12738279}.Release|Any CPU.Build.0 = Release|Any CPU
		{1CC7DEDA-3406-418D-B313-AD3C57F60538}.Debug|Any CPU.ActiveCfg = Debug|Any CPU
		{1CC7DEDA-3406-418D-B313-AD3C57F60538}.Debug|Any CPU.Build.0 = Debug|Any CPU
		{1CC7DEDA-3406-418D-B313-AD3C57F60538}.Release|Any CPU.ActiveCfg = Release|Any CPU
		{1CC7DEDA-3406-418D-B313-AD3C57F60538}.Release|Any CPU.Build.0 = Release|Any CPU
		{044D4F0C-6E78-4A11-9862-E312C8DEEB9A}.Debug|Any CPU.ActiveCfg = Debug|Any CPU
		{044D4F0C-6E78-4A11-9862-E312C8DEEB9A}.Debug|Any CPU.Build.0 = Debug|Any CPU
		{044D4F0C-6E78-4A11-9862-E312C8DEEB9A}.Release|Any CPU.ActiveCfg = Release|Any CPU
		{044D4F0C-6E78-4A11-9862-E312C8DEEB9A}.Release|Any CPU.Build.0 = Release|Any CPU
		{938D0200-A93A-4EFE-B89F-557A80018650}.Debug|Any CPU.ActiveCfg = Debug|Any CPU
		{938D0200-A93A-4EFE-B89F-557A80018650}.Debug|Any CPU.Build.0 = Debug|Any CPU
		{938D0200-A93A-4EFE-B89F-557A80018650}.Release|Any CPU.ActiveCfg = Release|Any CPU
		{938D0200-A93A-4EFE-B89F-557A80018650}.Release|Any CPU.Build.0 = Release|Any CPU
		{13A8B9F0-438B-49C6-A0B8-B741094F0426}.Debug|Any CPU.ActiveCfg = Debug|Any CPU
		{13A8B9F0-438B-49C6-A0B8-B741094F0426}.Debug|Any CPU.Build.0 = Debug|Any CPU
		{13A8B9F0-438B-49C6-A0B8-B741094F0426}.Release|Any CPU.ActiveCfg = Release|Any CPU
		{13A8B9F0-438B-49C6-A0B8-B741094F0426}.Release|Any CPU.Build.0 = Release|Any CPU
		{C7B3B7D0-9200-4F81-9201-47CAED1B5E34}.Debug|Any CPU.ActiveCfg = Debug|Any CPU
		{C7B3B7D0-9200-4F81-9201-47CAED1B5E34}.Debug|Any CPU.Build.0 = Debug|Any CPU
		{C7B3B7D0-9200-4F81-9201-47CAED1B5E34}.Release|Any CPU.ActiveCfg = Release|Any CPU
		{C7B3B7D0-9200-4F81-9201-47CAED1B5E34}.Release|Any CPU.Build.0 = Release|Any CPU
		{2A5FE0C8-EB47-428C-9740-C7D4A8BF2EF3}.Debug|Any CPU.ActiveCfg = Debug|Any CPU
		{2A5FE0C8-EB47-428C-9740-C7D4A8BF2EF3}.Debug|Any CPU.Build.0 = Debug|Any CPU
		{2A5FE0C8-EB47-428C-9740-C7D4A8BF2EF3}.Release|Any CPU.ActiveCfg = Release|Any CPU
		{2A5FE0C8-EB47-428C-9740-C7D4A8BF2EF3}.Release|Any CPU.Build.0 = Release|Any CPU
		{9C07DE38-6EA3-4B4E-A2F7-BBA6D44E4D8B}.Debug|Any CPU.ActiveCfg = Debug|Any CPU
		{9C07DE38-6EA3-4B4E-A2F7-BBA6D44E4D8B}.Debug|Any CPU.Build.0 = Debug|Any CPU
		{9C07DE38-6EA3-4B4E-A2F7-BBA6D44E4D8B}.Release|Any CPU.ActiveCfg = Release|Any CPU
		{9C07DE38-6EA3-4B4E-A2F7-BBA6D44E4D8B}.Release|Any CPU.Build.0 = Release|Any CPU
		{10E82E06-7C63-45FD-A768-FE22DB518458}.Debug|Any CPU.ActiveCfg = Debug|Any CPU
		{10E82E06-7C63-45FD-A768-FE22DB518458}.Debug|Any CPU.Build.0 = Debug|Any CPU
		{10E82E06-7C63-45FD-A768-FE22DB518458}.Release|Any CPU.ActiveCfg = Release|Any CPU
		{10E82E06-7C63-45FD-A768-FE22DB518458}.Release|Any CPU.Build.0 = Release|Any CPU
		{B6729988-8196-4BC8-914B-B838D6027E26}.Debug|Any CPU.ActiveCfg = Debug|Any CPU
		{B6729988-8196-4BC8-914B-B838D6027E26}.Debug|Any CPU.Build.0 = Debug|Any CPU
		{B6729988-8196-4BC8-914B-B838D6027E26}.Release|Any CPU.ActiveCfg = Release|Any CPU
		{B6729988-8196-4BC8-914B-B838D6027E26}.Release|Any CPU.Build.0 = Release|Any CPU
		{3FDBA131-4EA4-4561-AF73-F1A2F5EFDD93}.Debug|Any CPU.ActiveCfg = Debug|Any CPU
		{3FDBA131-4EA4-4561-AF73-F1A2F5EFDD93}.Debug|Any CPU.Build.0 = Debug|Any CPU
		{3FDBA131-4EA4-4561-AF73-F1A2F5EFDD93}.Release|Any CPU.ActiveCfg = Release|Any CPU
		{3FDBA131-4EA4-4561-AF73-F1A2F5EFDD93}.Release|Any CPU.Build.0 = Release|Any CPU
		{8409C781-73B6-4AFE-A4F5-AC9F9BC975FE}.Debug|Any CPU.ActiveCfg = Debug|Any CPU
		{8409C781-73B6-4AFE-A4F5-AC9F9BC975FE}.Debug|Any CPU.Build.0 = Debug|Any CPU
		{8409C781-73B6-4AFE-A4F5-AC9F9BC975FE}.Release|Any CPU.ActiveCfg = Release|Any CPU
		{8409C781-73B6-4AFE-A4F5-AC9F9BC975FE}.Release|Any CPU.Build.0 = Release|Any CPU
		{32A8B2A4-8FAD-4B63-96A6-C70446ADA22B}.Debug|Any CPU.ActiveCfg = Debug|Any CPU
		{32A8B2A4-8FAD-4B63-96A6-C70446ADA22B}.Debug|Any CPU.Build.0 = Debug|Any CPU
		{32A8B2A4-8FAD-4B63-96A6-C70446ADA22B}.Release|Any CPU.ActiveCfg = Release|Any CPU
		{32A8B2A4-8FAD-4B63-96A6-C70446ADA22B}.Release|Any CPU.Build.0 = Release|Any CPU
		{F3CE9BFD-27A0-4007-89BD-BECFC9DB358D}.Debug|Any CPU.ActiveCfg = Debug|Any CPU
		{F3CE9BFD-27A0-4007-89BD-BECFC9DB358D}.Debug|Any CPU.Build.0 = Debug|Any CPU
		{F3CE9BFD-27A0-4007-89BD-BECFC9DB358D}.Release|Any CPU.ActiveCfg = Release|Any CPU
		{F3CE9BFD-27A0-4007-89BD-BECFC9DB358D}.Release|Any CPU.Build.0 = Release|Any CPU
		{2FD2EB12-D0A1-4415-AC5B-7DB00DC57641}.Debug|Any CPU.ActiveCfg = Debug|Any CPU
		{2FD2EB12-D0A1-4415-AC5B-7DB00DC57641}.Debug|Any CPU.Build.0 = Debug|Any CPU
		{2FD2EB12-D0A1-4415-AC5B-7DB00DC57641}.Release|Any CPU.ActiveCfg = Release|Any CPU
		{2FD2EB12-D0A1-4415-AC5B-7DB00DC57641}.Release|Any CPU.Build.0 = Release|Any CPU
		{B97ACFEE-1D6E-467F-921E-BD624DDED06B}.Debug|Any CPU.ActiveCfg = Debug|Any CPU
		{B97ACFEE-1D6E-467F-921E-BD624DDED06B}.Debug|Any CPU.Build.0 = Debug|Any CPU
		{B97ACFEE-1D6E-467F-921E-BD624DDED06B}.Release|Any CPU.ActiveCfg = Release|Any CPU
		{B97ACFEE-1D6E-467F-921E-BD624DDED06B}.Release|Any CPU.Build.0 = Release|Any CPU
		{47DD3A0A-4B1E-40F7-89E2-DE8E5AA3057F}.Debug|Any CPU.ActiveCfg = Debug|Any CPU
		{47DD3A0A-4B1E-40F7-89E2-DE8E5AA3057F}.Debug|Any CPU.Build.0 = Debug|Any CPU
		{47DD3A0A-4B1E-40F7-89E2-DE8E5AA3057F}.Release|Any CPU.ActiveCfg = Release|Any CPU
		{47DD3A0A-4B1E-40F7-89E2-DE8E5AA3057F}.Release|Any CPU.Build.0 = Release|Any CPU
		{5DA6D9F0-02BF-4E40-B4CC-F6385807FBB1}.Debug|Any CPU.ActiveCfg = Debug|Any CPU
		{5DA6D9F0-02BF-4E40-B4CC-F6385807FBB1}.Debug|Any CPU.Build.0 = Debug|Any CPU
		{5DA6D9F0-02BF-4E40-B4CC-F6385807FBB1}.Release|Any CPU.ActiveCfg = Release|Any CPU
		{5DA6D9F0-02BF-4E40-B4CC-F6385807FBB1}.Release|Any CPU.Build.0 = Release|Any CPU
		{57F1CB6B-E80B-435D-B424-DA7C1D3824C7}.Debug|Any CPU.ActiveCfg = Debug|Any CPU
		{57F1CB6B-E80B-435D-B424-DA7C1D3824C7}.Debug|Any CPU.Build.0 = Debug|Any CPU
		{57F1CB6B-E80B-435D-B424-DA7C1D3824C7}.Release|Any CPU.ActiveCfg = Release|Any CPU
		{57F1CB6B-E80B-435D-B424-DA7C1D3824C7}.Release|Any CPU.Build.0 = Release|Any CPU
		{B2A7F449-CC0C-4A2D-BC90-0881D44CB09D}.Debug|Any CPU.ActiveCfg = Debug|Any CPU
		{B2A7F449-CC0C-4A2D-BC90-0881D44CB09D}.Debug|Any CPU.Build.0 = Debug|Any CPU
		{B2A7F449-CC0C-4A2D-BC90-0881D44CB09D}.Release|Any CPU.ActiveCfg = Release|Any CPU
		{B2A7F449-CC0C-4A2D-BC90-0881D44CB09D}.Release|Any CPU.Build.0 = Release|Any CPU
		{C9B976EA-A5D5-4B3F-B1A5-D548ECB13920}.Debug|Any CPU.ActiveCfg = Debug|Any CPU
		{C9B976EA-A5D5-4B3F-B1A5-D548ECB13920}.Debug|Any CPU.Build.0 = Debug|Any CPU
		{C9B976EA-A5D5-4B3F-B1A5-D548ECB13920}.Release|Any CPU.ActiveCfg = Release|Any CPU
		{C9B976EA-A5D5-4B3F-B1A5-D548ECB13920}.Release|Any CPU.Build.0 = Release|Any CPU
		{DA769554-0E6B-4EFB-B8ED-CECAC1D32E83}.Debug|Any CPU.ActiveCfg = Debug|Any CPU
		{DA769554-0E6B-4EFB-B8ED-CECAC1D32E83}.Debug|Any CPU.Build.0 = Debug|Any CPU
		{DA769554-0E6B-4EFB-B8ED-CECAC1D32E83}.Release|Any CPU.ActiveCfg = Release|Any CPU
		{DA769554-0E6B-4EFB-B8ED-CECAC1D32E83}.Release|Any CPU.Build.0 = Release|Any CPU
		{549AFD2A-B551-4AB2-A43D-EEE1A1EFB2C3}.Debug|Any CPU.ActiveCfg = Debug|Any CPU
		{549AFD2A-B551-4AB2-A43D-EEE1A1EFB2C3}.Debug|Any CPU.Build.0 = Debug|Any CPU
		{549AFD2A-B551-4AB2-A43D-EEE1A1EFB2C3}.Release|Any CPU.ActiveCfg = Release|Any CPU
		{549AFD2A-B551-4AB2-A43D-EEE1A1EFB2C3}.Release|Any CPU.Build.0 = Release|Any CPU
		{C8F99096-4EF0-4C82-9978-F063ECFAB2D9}.Debug|Any CPU.ActiveCfg = Debug|Any CPU
		{C8F99096-4EF0-4C82-9978-F063ECFAB2D9}.Debug|Any CPU.Build.0 = Debug|Any CPU
		{C8F99096-4EF0-4C82-9978-F063ECFAB2D9}.Release|Any CPU.ActiveCfg = Release|Any CPU
		{C8F99096-4EF0-4C82-9978-F063ECFAB2D9}.Release|Any CPU.Build.0 = Release|Any CPU
		{59CC3575-6877-45BA-984B-A85A74A45465}.Debug|Any CPU.ActiveCfg = Debug|Any CPU
		{59CC3575-6877-45BA-984B-A85A74A45465}.Debug|Any CPU.Build.0 = Debug|Any CPU
		{59CC3575-6877-45BA-984B-A85A74A45465}.Release|Any CPU.ActiveCfg = Release|Any CPU
		{59CC3575-6877-45BA-984B-A85A74A45465}.Release|Any CPU.Build.0 = Release|Any CPU
		{2A538CF0-574A-43ED-81FC-0B829E523CEA}.Debug|Any CPU.ActiveCfg = Debug|Any CPU
		{2A538CF0-574A-43ED-81FC-0B829E523CEA}.Debug|Any CPU.Build.0 = Debug|Any CPU
		{2A538CF0-574A-43ED-81FC-0B829E523CEA}.Release|Any CPU.ActiveCfg = Release|Any CPU
		{2A538CF0-574A-43ED-81FC-0B829E523CEA}.Release|Any CPU.Build.0 = Release|Any CPU
		{6E2F40D7-D42C-4390-AB8C-0B75FA05149B}.Debug|Any CPU.ActiveCfg = Debug|Any CPU
		{6E2F40D7-D42C-4390-AB8C-0B75FA05149B}.Debug|Any CPU.Build.0 = Debug|Any CPU
		{6E2F40D7-D42C-4390-AB8C-0B75FA05149B}.Release|Any CPU.ActiveCfg = Release|Any CPU
		{6E2F40D7-D42C-4390-AB8C-0B75FA05149B}.Release|Any CPU.Build.0 = Release|Any CPU
		{304B1600-1E64-4883-B655-8CA172989DDE}.Debug|Any CPU.ActiveCfg = Debug|Any CPU
		{304B1600-1E64-4883-B655-8CA172989DDE}.Debug|Any CPU.Build.0 = Debug|Any CPU
		{304B1600-1E64-4883-B655-8CA172989DDE}.Release|Any CPU.ActiveCfg = Release|Any CPU
		{304B1600-1E64-4883-B655-8CA172989DDE}.Release|Any CPU.Build.0 = Release|Any CPU
	EndGlobalSection
	GlobalSection(SolutionProperties) = preSolution
		HideSolutionNode = FALSE
	EndGlobalSection
	GlobalSection(NestedProjects) = preSolution
		{2F48B7A2-BDF9-47E9-B45E-53093BB8C417} = {943567A8-D97E-4C4D-9BA5-DD4A3A73C792}
		{DBB91E46-0A21-435C-BF63-2CDAA1D0FF78} = {D0A89461-265F-4DF7-A843-18CDC7C85FF0}
		{9F7F6628-F700-4FA9-99E6-936DDB470490} = {EB99780E-0FA4-46B2-8DC8-F41EA5E5BAD8}
		{0FB25CAC-78D1-47A5-BF4B-99C13FE5B19B} = {EB99780E-0FA4-46B2-8DC8-F41EA5E5BAD8}
		{9E1B18EA-5D70-4BE6-9BF9-1611A884E459} = {EB99780E-0FA4-46B2-8DC8-F41EA5E5BAD8}
		{29015CD2-1C27-4DC2-AD3E-99D13BA7233D} = {EB99780E-0FA4-46B2-8DC8-F41EA5E5BAD8}
		{39D8353B-0B55-41B3-9989-A3CBD57890BF} = {EB99780E-0FA4-46B2-8DC8-F41EA5E5BAD8}
		{A9BFD1ED-44D1-449B-BE2A-114B44C21992} = {C2C0A68E-3940-477C-8322-EA2B75995A9C}
		{F2BCC3DD-7C15-42AD-995D-E76C12738279} = {C2C0A68E-3940-477C-8322-EA2B75995A9C}
		{1CC7DEDA-3406-418D-B313-AD3C57F60538} = {C2C0A68E-3940-477C-8322-EA2B75995A9C}
		{044D4F0C-6E78-4A11-9862-E312C8DEEB9A} = {C2C0A68E-3940-477C-8322-EA2B75995A9C}
		{938D0200-A93A-4EFE-B89F-557A80018650} = {37F1DFE7-6DFA-4D41-8F40-84F0A66FC138}
		{13A8B9F0-438B-49C6-A0B8-B741094F0426} = {37F1DFE7-6DFA-4D41-8F40-84F0A66FC138}
		{C7B3B7D0-9200-4F81-9201-47CAED1B5E34} = {37F1DFE7-6DFA-4D41-8F40-84F0A66FC138}
		{2A5FE0C8-EB47-428C-9740-C7D4A8BF2EF3} = {37F1DFE7-6DFA-4D41-8F40-84F0A66FC138}
		{9C07DE38-6EA3-4B4E-A2F7-BBA6D44E4D8B} = {37F1DFE7-6DFA-4D41-8F40-84F0A66FC138}
		{10E82E06-7C63-45FD-A768-FE22DB518458} = {7BA96516-7C16-4207-8CE1-DDD0DA6BEA27}
		{B6729988-8196-4BC8-914B-B838D6027E26} = {2D491B86-59E5-4C13-93E5-0E2FD64BB7F1}
		{3FDBA131-4EA4-4561-AF73-F1A2F5EFDD93} = {2D491B86-59E5-4C13-93E5-0E2FD64BB7F1}
		{8409C781-73B6-4AFE-A4F5-AC9F9BC975FE} = {2D491B86-59E5-4C13-93E5-0E2FD64BB7F1}
		{32A8B2A4-8FAD-4B63-96A6-C70446ADA22B} = {2D491B86-59E5-4C13-93E5-0E2FD64BB7F1}
		{8B228FA3-6569-4B41-945F-758255C59EF4} = {7BA96516-7C16-4207-8CE1-DDD0DA6BEA27}
		{F3CE9BFD-27A0-4007-89BD-BECFC9DB358D} = {8B228FA3-6569-4B41-945F-758255C59EF4}
		{2FD2EB12-D0A1-4415-AC5B-7DB00DC57641} = {8B228FA3-6569-4B41-945F-758255C59EF4}
		{B97ACFEE-1D6E-467F-921E-BD624DDED06B} = {8B228FA3-6569-4B41-945F-758255C59EF4}
		{47DD3A0A-4B1E-40F7-89E2-DE8E5AA3057F} = {7BA96516-7C16-4207-8CE1-DDD0DA6BEA27}
		{5DA6D9F0-02BF-4E40-B4CC-F6385807FBB1} = {E631E28D-384D-4031-A4AC-DCA509A84849}
		{57F1CB6B-E80B-435D-B424-DA7C1D3824C7} = {E631E28D-384D-4031-A4AC-DCA509A84849}
		{B2A7F449-CC0C-4A2D-BC90-0881D44CB09D} = {E631E28D-384D-4031-A4AC-DCA509A84849}
		{C9B976EA-A5D5-4B3F-B1A5-D548ECB13920} = {8A6C6060-8D5A-4CC4-8DA7-8D1B5ACA38A9}
		{DA769554-0E6B-4EFB-B8ED-CECAC1D32E83} = {8A6C6060-8D5A-4CC4-8DA7-8D1B5ACA38A9}
		{549AFD2A-B551-4AB2-A43D-EEE1A1EFB2C3} = {8A6C6060-8D5A-4CC4-8DA7-8D1B5ACA38A9}
		{C8F99096-4EF0-4C82-9978-F063ECFAB2D9} = {8A6C6060-8D5A-4CC4-8DA7-8D1B5ACA38A9}
		{59CC3575-6877-45BA-984B-A85A74A45465} = {8A6C6060-8D5A-4CC4-8DA7-8D1B5ACA38A9}
		{2A538CF0-574A-43ED-81FC-0B829E523CEA} = {E631E28D-384D-4031-A4AC-DCA509A84849}
		{6E2F40D7-D42C-4390-AB8C-0B75FA05149B} = {E631E28D-384D-4031-A4AC-DCA509A84849}
		{304B1600-1E64-4883-B655-8CA172989DDE} = {E631E28D-384D-4031-A4AC-DCA509A84849}
	EndGlobalSection
EndGlobal
