
Microsoft Visual Studio Solution File, Format Version 12.00
# Visual Studio 15
VisualStudioVersion = 15.0.26430.12
MinimumVisualStudioVersion = 10.0.40219.1
Project("{FAE04EC0-301F-11D3-BF4B-00C04F79EFBC}") = "Weekly1", "WeeklyWork\Weekly1.csproj", "{2F48B7A2-BDF9-47E9-B45E-53093BB8C417}"
EndProject
Project("{FAE04EC0-301F-11D3-BF4B-00C04F79EFBC}") = "Week2", "Week2\Week2.csproj", "{DBB91E46-0A21-435C-BF63-2CDAA1D0FF78}"
EndProject
Project("{FAE04EC0-301F-11D3-BF4B-00C04F79EFBC}") = "Week3-03", "Week3\Week3-03.csproj", "{9F7F6628-F700-4FA9-99E6-936DDB470490}"
EndProject
Project("{FAE04EC0-301F-11D3-BF4B-00C04F79EFBC}") = "Week3-04", "Week3-4\Week3-04.csproj", "{0FB25CAC-78D1-47A5-BF4B-99C13FE5B19B}"
EndProject
Project("{FAE04EC0-301F-11D3-BF4B-00C04F79EFBC}") = "Week3-06", "Week3-6\Week3-06.csproj", "{9E1B18EA-5D70-4BE6-9BF9-1611A884E459}"
EndProject
Project("{FAE04EC0-301F-11D3-BF4B-00C04F79EFBC}") = "Week3-07", "Week3-7\Week3-07.csproj", "{29015CD2-1C27-4DC2-AD3E-99D13BA7233D}"
EndProject
Project("{2150E333-8FDC-42A3-9474-1A3956D46DE8}") = "Week 2", "Week 2", "{D0A89461-265F-4DF7-A843-18CDC7C85FF0}"
EndProject
Project("{2150E333-8FDC-42A3-9474-1A3956D46DE8}") = "Week 3", "Week 3", "{EB99780E-0FA4-46B2-8DC8-F41EA5E5BAD8}"
EndProject
Project("{2150E333-8FDC-42A3-9474-1A3956D46DE8}") = "Week 1", "Week 1", "{943567A8-D97E-4C4D-9BA5-DD4A3A73C792}"
EndProject
Project("{2150E333-8FDC-42A3-9474-1A3956D46DE8}") = "Week 4", "Week 4", "{C2C0A68E-3940-477C-8322-EA2B75995A9C}"
EndProject
Project("{FAE04EC0-301F-11D3-BF4B-00C04F79EFBC}") = "Week3-10", "Week3-10\Week3-10.csproj", "{39D8353B-0B55-41B3-9989-A3CBD57890BF}"
EndProject
Global
	GlobalSection(SolutionConfigurationPlatforms) = preSolution
		Debug|Any CPU = Debug|Any CPU
		Release|Any CPU = Release|Any CPU
	EndGlobalSection
	GlobalSection(ProjectConfigurationPlatforms) = postSolution
		{2F48B7A2-BDF9-47E9-B45E-53093BB8C417}.Debug|Any CPU.ActiveCfg = Debug|Any CPU
		{2F48B7A2-BDF9-47E9-B45E-53093BB8C417}.Debug|Any CPU.Build.0 = Debug|Any CPU
		{2F48B7A2-BDF9-47E9-B45E-53093BB8C417}.Release|Any CPU.ActiveCfg = Release|Any CPU
		{2F48B7A2-BDF9-47E9-B45E-53093BB8C417}.Release|Any CPU.Build.0 = Release|Any CPU
		{DBB91E46-0A21-435C-BF63-2CDAA1D0FF78}.Debug|Any CPU.ActiveCfg = Debug|Any CPU
		{DBB91E46-0A21-435C-BF63-2CDAA1D0FF78}.Debug|Any CPU.Build.0 = Debug|Any CPU
		{DBB91E46-0A21-435C-BF63-2CDAA1D0FF78}.Release|Any CPU.ActiveCfg = Release|Any CPU
		{DBB91E46-0A21-435C-BF63-2CDAA1D0FF78}.Release|Any CPU.Build.0 = Release|Any CPU
		{9F7F6628-F700-4FA9-99E6-936DDB470490}.Debug|Any CPU.ActiveCfg = Debug|Any CPU
		{9F7F6628-F700-4FA9-99E6-936DDB470490}.Debug|Any CPU.Build.0 = Debug|Any CPU
		{9F7F6628-F700-4FA9-99E6-936DDB470490}.Release|Any CPU.ActiveCfg = Release|Any CPU
		{9F7F6628-F700-4FA9-99E6-936DDB470490}.Release|Any CPU.Build.0 = Release|Any CPU
		{0FB25CAC-78D1-47A5-BF4B-99C13FE5B19B}.Debug|Any CPU.ActiveCfg = Debug|Any CPU
		{0FB25CAC-78D1-47A5-BF4B-99C13FE5B19B}.Debug|Any CPU.Build.0 = Debug|Any CPU
		{0FB25CAC-78D1-47A5-BF4B-99C13FE5B19B}.Release|Any CPU.ActiveCfg = Release|Any CPU
		{0FB25CAC-78D1-47A5-BF4B-99C13FE5B19B}.Release|Any CPU.Build.0 = Release|Any CPU
		{9E1B18EA-5D70-4BE6-9BF9-1611A884E459}.Debug|Any CPU.ActiveCfg = Debug|Any CPU
		{9E1B18EA-5D70-4BE6-9BF9-1611A884E459}.Debug|Any CPU.Build.0 = Debug|Any CPU
		{9E1B18EA-5D70-4BE6-9BF9-1611A884E459}.Release|Any CPU.ActiveCfg = Release|Any CPU
		{9E1B18EA-5D70-4BE6-9BF9-1611A884E459}.Release|Any CPU.Build.0 = Release|Any CPU
		{29015CD2-1C27-4DC2-AD3E-99D13BA7233D}.Debug|Any CPU.ActiveCfg = Debug|Any CPU
		{29015CD2-1C27-4DC2-AD3E-99D13BA7233D}.Debug|Any CPU.Build.0 = Debug|Any CPU
		{29015CD2-1C27-4DC2-AD3E-99D13BA7233D}.Release|Any CPU.ActiveCfg = Release|Any CPU
		{29015CD2-1C27-4DC2-AD3E-99D13BA7233D}.Release|Any CPU.Build.0 = Release|Any CPU
		{39D8353B-0B55-41B3-9989-A3CBD57890BF}.Debug|Any CPU.ActiveCfg = Debug|Any CPU
		{39D8353B-0B55-41B3-9989-A3CBD57890BF}.Debug|Any CPU.Build.0 = Debug|Any CPU
		{39D8353B-0B55-41B3-9989-A3CBD57890BF}.Release|Any CPU.ActiveCfg = Release|Any CPU
		{39D8353B-0B55-41B3-9989-A3CBD57890BF}.Release|Any CPU.Build.0 = Release|Any CPU
	EndGlobalSection
	GlobalSection(SolutionProperties) = preSolution
		HideSolutionNode = FALSE
	EndGlobalSection
	GlobalSection(NestedProjects) = preSolution
		{2F48B7A2-BDF9-47E9-B45E-53093BB8C417} = {943567A8-D97E-4C4D-9BA5-DD4A3A73C792}
		{DBB91E46-0A21-435C-BF63-2CDAA1D0FF78} = {D0A89461-265F-4DF7-A843-18CDC7C85FF0}
		{9F7F6628-F700-4FA9-99E6-936DDB470490} = {EB99780E-0FA4-46B2-8DC8-F41EA5E5BAD8}
		{0FB25CAC-78D1-47A5-BF4B-99C13FE5B19B} = {EB99780E-0FA4-46B2-8DC8-F41EA5E5BAD8}
		{9E1B18EA-5D70-4BE6-9BF9-1611A884E459} = {EB99780E-0FA4-46B2-8DC8-F41EA5E5BAD8}
		{29015CD2-1C27-4DC2-AD3E-99D13BA7233D} = {EB99780E-0FA4-46B2-8DC8-F41EA5E5BAD8}
		{39D8353B-0B55-41B3-9989-A3CBD57890BF} = {EB99780E-0FA4-46B2-8DC8-F41EA5E5BAD8}
	EndGlobalSection
EndGlobal
